<?xml version="1.0" encoding="utf-8"?>
<Project ToolsVersion="4.0" xmlns="http://schemas.microsoft.com/developer/msbuild/2003">
  <ItemGroup>
    <Filter Include="Source Files">
      <UniqueIdentifier>{4FC737F1-C7A5-4376-A066-2A32D752A2FF}</UniqueIdentifier>
      <Extensions>cpp;c;cc;cxx;def;odl;idl;hpj;bat;asm;asmx</Extensions>
    </Filter>
    <Filter Include="Resource Files">
      <UniqueIdentifier>{67DA6AB6-F800-4c08-8B7A-83BB121AAD01}</UniqueIdentifier>
      <Extensions>rc;ico;cur;bmp;dlg;rc2;rct;bin;rgs;gif;jpg;jpeg;jpe;resx;tiff;tif;png;wav;mfcribbon-ms</Extensions>
    </Filter>
    <Filter Include="Driver Files">
      <UniqueIdentifier>{8E41214B-6785-4CFE-B992-037D68949A14}</UniqueIdentifier>
      <Extensions>inf;inv;inx;mof;mc;</Extensions>
    </Filter>
    <Filter Include="Header Files">
      <UniqueIdentifier>{93995380-89BD-4b04-88EB-625FBE52EBFB}</UniqueIdentifier>
      <Extensions>h;hpp;hxx;hm;inl;inc;xsd</Extensions>
    </Filter>
    <Filter Include="Header Files\filtering">
      <UniqueIdentifier>{93dd0e34-751c-4d4c-b93c-cb9af27e8aac}</UniqueIdentifier>
    </Filter>
    <Filter Include="Header Files\communication">
      <UniqueIdentifier>{8ee0c986-1c1c-4c6e-9547-456ed252f588}</UniqueIdentifier>
    </Filter>
  </ItemGroup>
  <ItemGroup>
    <Inf Include="wikdd6k.inf">
      <Filter>Driver Files</Filter>
    </Inf>
  </ItemGroup>
  <ItemGroup>
    <ClCompile Include="wikdd6k.c">
      <Filter>Source Files</Filter>
    </ClCompile>
    <ClCompile Include="communication.c">
      <Filter>Source Files</Filter>
    </ClCompile>
    <ClCompile Include="filter\file.c">
      <Filter>Source Files</Filter>
    </ClCompile>
    <ClCompile Include="filter\image.c">
      <Filter>Source Files</Filter>
    </ClCompile>
    <ClCompile Include="filter\process.c">
      <Filter>Source Files</Filter>
    </ClCompile>
    <ClCompile Include="filter\registry.c">
      <Filter>Source Files</Filter>
    </ClCompile>
    <ClCompile Include="filter\thread.c">
      <Filter>Source Files</Filter>
    </ClCompile>
    <ClCompile Include="threadpool.c">
      <Filter>Source Files</Filter>
    </ClCompile>
  </ItemGroup>
  <ItemGroup>
    <ClInclude Include="trace.h">
      <Filter>Header Files</Filter>
    </ClInclude>
    <ClInclude Include="include\filter\utils.h">
      <Filter>Header Files</Filter>
    </ClInclude>
    <ClInclude Include="include\my_driver.h">
      <Filter>Header Files</Filter>
    </ClInclude>
    <ClInclude Include="include\threadpool.h">
      <Filter>Header Files</Filter>
    </ClInclude>
    <ClInclude Include="include\filter\file.h">
      <Filter>Header Files\filtering</Filter>
    </ClInclude>
    <ClInclude Include="include\filter\image.h">
      <Filter>Header Files\filtering</Filter>
    </ClInclude>
    <ClInclude Include="include\filter\process.h">
      <Filter>Header Files\filtering</Filter>
    </ClInclude>
    <ClInclude Include="include\filter\registry.h">
      <Filter>Header Files\filtering</Filter>
    </ClInclude>
    <ClInclude Include="include\filter\thread.h">
      <Filter>Header Files\filtering</Filter>
    </ClInclude>
    <ClInclude Include="include\communication.h">
      <Filter>Header Files\communication</Filter>
    </ClInclude>
    <ClInclude Include="include\communication_protocol.h">
      <Filter>Header Files\communication</Filter>
    </ClInclude>
  </ItemGroup>
</Project>